// !$*UTF8*$!
{
	archiveVersion = 1;
	classes = {
	};
	objectVersion = 50;
	objects = {

/* Begin PBXBuildFile section */
		01541CE526A8695E0070A5F8 /* AppDelegate.swift in Sources */ = {isa = PBXBuildFile; fileRef = 01541CE426A8695E0070A5F8 /* AppDelegate.swift */; };
		01541CE726A8695E0070A5F8 /* SceneDelegate.swift in Sources */ = {isa = PBXBuildFile; fileRef = 01541CE626A8695E0070A5F8 /* SceneDelegate.swift */; };
		01541CE926A8695E0070A5F8 /* MovieListViewController.swift in Sources */ = {isa = PBXBuildFile; fileRef = 01541CE826A8695E0070A5F8 /* MovieListViewController.swift */; };
		01541CEC26A8695E0070A5F8 /* Main.storyboard in Resources */ = {isa = PBXBuildFile; fileRef = 01541CEA26A8695E0070A5F8 /* Main.storyboard */; };
		01541CEE26A869630070A5F8 /* Assets.xcassets in Resources */ = {isa = PBXBuildFile; fileRef = 01541CED26A869630070A5F8 /* Assets.xcassets */; };
		01541CF126A869630070A5F8 /* LaunchScreen.storyboard in Resources */ = {isa = PBXBuildFile; fileRef = 01541CEF26A869630070A5F8 /* LaunchScreen.storyboard */; };
		01541CF926A869970070A5F8 /* Movies.swift in Sources */ = {isa = PBXBuildFile; fileRef = 01541CF826A869970070A5F8 /* Movies.swift */; };
		01541CFB26A869CD0070A5F8 /* MoviesView.swift in Sources */ = {isa = PBXBuildFile; fileRef = 01541CFA26A869CD0070A5F8 /* MoviesView.swift */; };
		01541D0126A8704A0070A5F8 /* APIHandler.swift in Sources */ = {isa = PBXBuildFile; fileRef = 01541D0026A8704A0070A5F8 /* APIHandler.swift */; };
		01541D0326A871FD0070A5F8 /* Constants.swift in Sources */ = {isa = PBXBuildFile; fileRef = 01541D0226A871FD0070A5F8 /* Constants.swift */; };
		01541D0526A873960070A5F8 /* Genres.swift in Sources */ = {isa = PBXBuildFile; fileRef = 01541D0426A873960070A5F8 /* Genres.swift */; };
		01541D0726A876310070A5F8 /* EndPoints.swift in Sources */ = {isa = PBXBuildFile; fileRef = 01541D0626A876310070A5F8 /* EndPoints.swift */; };
		01541D0926A87D980070A5F8 /* CustomCollectionViewController.swift in Sources */ = {isa = PBXBuildFile; fileRef = 01541D0826A87D980070A5F8 /* CustomCollectionViewController.swift */; };
		01541D5926AA6CC00070A5F8 /* MovieDetailsViewController.swift in Sources */ = {isa = PBXBuildFile; fileRef = 01541D5826AA6CC00070A5F8 /* MovieDetailsViewController.swift */; };
		01541D5B26AA71F50070A5F8 /* DetailsViewModel.swift in Sources */ = {isa = PBXBuildFile; fileRef = 01541D5A26AA71F40070A5F8 /* DetailsViewModel.swift */; };
		F51A9C108CDF04A4DC28ABD4 /* Pods_WalmartChallenge.framework in Frameworks */ = {isa = PBXBuildFile; fileRef = 8614B249E38BF90E59F99112 /* Pods_WalmartChallenge.framework */; };
/* End PBXBuildFile section */

/* Begin PBXFileReference section */
		01541CE126A8695E0070A5F8 /* WalmartChallenge.app */ = {isa = PBXFileReference; explicitFileType = wrapper.application; includeInIndex = 0; path = WalmartChallenge.app; sourceTree = BUILT_PRODUCTS_DIR; };
		01541CE426A8695E0070A5F8 /* AppDelegate.swift */ = {isa = PBXFileReference; lastKnownFileType = sourcecode.swift; path = AppDelegate.swift; sourceTree = "<group>"; };
		01541CE626A8695E0070A5F8 /* SceneDelegate.swift */ = {isa = PBXFileReference; lastKnownFileType = sourcecode.swift; path = SceneDelegate.swift; sourceTree = "<group>"; };
		01541CE826A8695E0070A5F8 /* MovieListViewController.swift */ = {isa = PBXFileReference; lastKnownFileType = sourcecode.swift; path = MovieListViewController.swift; sourceTree = "<group>"; };
		01541CEB26A8695E0070A5F8 /* Base */ = {isa = PBXFileReference; lastKnownFileType = file.storyboard; name = Base; path = Base.lproj/Main.storyboard; sourceTree = "<group>"; };
		01541CED26A869630070A5F8 /* Assets.xcassets */ = {isa = PBXFileReference; lastKnownFileType = folder.assetcatalog; path = Assets.xcassets; sourceTree = "<group>"; };
		01541CF026A869630070A5F8 /* Base */ = {isa = PBXFileReference; lastKnownFileType = file.storyboard; name = Base; path = Base.lproj/LaunchScreen.storyboard; sourceTree = "<group>"; };
		01541CF226A869630070A5F8 /* Info.plist */ = {isa = PBXFileReference; lastKnownFileType = text.plist.xml; path = Info.plist; sourceTree = "<group>"; };
		01541CF826A869970070A5F8 /* Movies.swift */ = {isa = PBXFileReference; lastKnownFileType = sourcecode.swift; path = Movies.swift; sourceTree = "<group>"; };
		01541CFA26A869CD0070A5F8 /* MoviesView.swift */ = {isa = PBXFileReference; lastKnownFileType = sourcecode.swift; path = MoviesView.swift; sourceTree = "<group>"; };
		01541D0026A8704A0070A5F8 /* APIHandler.swift */ = {isa = PBXFileReference; lastKnownFileType = sourcecode.swift; path = APIHandler.swift; sourceTree = "<group>"; };
		01541D0226A871FD0070A5F8 /* Constants.swift */ = {isa = PBXFileReference; lastKnownFileType = sourcecode.swift; path = Constants.swift; sourceTree = "<group>"; };
		01541D0426A873960070A5F8 /* Genres.swift */ = {isa = PBXFileReference; lastKnownFileType = sourcecode.swift; path = Genres.swift; sourceTree = "<group>"; };
		01541D0626A876310070A5F8 /* EndPoints.swift */ = {isa = PBXFileReference; lastKnownFileType = sourcecode.swift; path = EndPoints.swift; sourceTree = "<group>"; };
		01541D0826A87D980070A5F8 /* CustomCollectionViewController.swift */ = {isa = PBXFileReference; lastKnownFileType = sourcecode.swift; path = CustomCollectionViewController.swift; sourceTree = "<group>"; };
		01541D5826AA6CC00070A5F8 /* MovieDetailsViewController.swift */ = {isa = PBXFileReference; lastKnownFileType = sourcecode.swift; path = MovieDetailsViewController.swift; sourceTree = "<group>"; };
		01541D5A26AA71F40070A5F8 /* DetailsViewModel.swift */ = {isa = PBXFileReference; lastKnownFileType = sourcecode.swift; path = DetailsViewModel.swift; sourceTree = "<group>"; };
		69EA1B9B4F9B28B74ED890DD /* Pods-WalmartChallenge.release.xcconfig */ = {isa = PBXFileReference; includeInIndex = 1; lastKnownFileType = text.xcconfig; name = "Pods-WalmartChallenge.release.xcconfig"; path = "Target Support Files/Pods-WalmartChallenge/Pods-WalmartChallenge.release.xcconfig"; sourceTree = "<group>"; };
		8614B249E38BF90E59F99112 /* Pods_WalmartChallenge.framework */ = {isa = PBXFileReference; explicitFileType = wrapper.framework; includeInIndex = 0; path = Pods_WalmartChallenge.framework; sourceTree = BUILT_PRODUCTS_DIR; };
		A9BAE04D99512A2CA01268A3 /* Pods-WalmartChallenge.debug.xcconfig */ = {isa = PBXFileReference; includeInIndex = 1; lastKnownFileType = text.xcconfig; name = "Pods-WalmartChallenge.debug.xcconfig"; path = "Target Support Files/Pods-WalmartChallenge/Pods-WalmartChallenge.debug.xcconfig"; sourceTree = "<group>"; };
/* End PBXFileReference section */

/* Begin PBXFrameworksBuildPhase section */
		01541CDE26A8695E0070A5F8 /* Frameworks */ = {
			isa = PBXFrameworksBuildPhase;
			buildActionMask = 2147483647;
			files = (
				F51A9C108CDF04A4DC28ABD4 /* Pods_WalmartChallenge.framework in Frameworks */,
			);
			runOnlyForDeploymentPostprocessing = 0;
		};
/* End PBXFrameworksBuildPhase section */

/* Begin PBXGroup section */
		01541CD826A8695D0070A5F8 = {
			isa = PBXGroup;
			children = (
				01541CE326A8695E0070A5F8 /* WalmartChallenge */,
				01541CE226A8695E0070A5F8 /* Products */,
				6AFBC4E1C117F69034EE5B13 /* Pods */,
				EB1408E1CF5E865060B96AB1 /* Frameworks */,
			);
			sourceTree = "<group>";
		};
		01541CE226A8695E0070A5F8 /* Products */ = {
			isa = PBXGroup;
			children = (
				01541CE126A8695E0070A5F8 /* WalmartChallenge.app */,
			);
			name = Products;
			sourceTree = "<group>";
		};
		01541CE326A8695E0070A5F8 /* WalmartChallenge */ = {
			isa = PBXGroup;
			children = (
				01541CF226A869630070A5F8 /* Info.plist */,
				01541D5126A9BDC20070A5F8 /* Supported Files */,
				01541CFF26A870270070A5F8 /* API Managers */,
				01541CFE26A869EA0070A5F8 /* VIewModels */,
				01541CFD26A869E00070A5F8 /* Model */,
				01541CFC26A869D20070A5F8 /* View */,
			);
			path = WalmartChallenge;
			sourceTree = "<group>";
		};
		01541CFC26A869D20070A5F8 /* View */ = {
			isa = PBXGroup;
			children = (
				01541D5526A9C80A0070A5F8 /* Controllers */,
				01541D5426A9C0190070A5F8 /* Storyboard */,
				01541D5226A9BFC90070A5F8 /* Custom */,
			);
			path = View;
			sourceTree = "<group>";
		};
		01541CFD26A869E00070A5F8 /* Model */ = {
			isa = PBXGroup;
			children = (
				01541CF826A869970070A5F8 /* Movies.swift */,
				01541D0426A873960070A5F8 /* Genres.swift */,
			);
			path = Model;
			sourceTree = "<group>";
		};
		01541CFE26A869EA0070A5F8 /* VIewModels */ = {
			isa = PBXGroup;
			children = (
				01541CFA26A869CD0070A5F8 /* MoviesView.swift */,
				01541D5A26AA71F40070A5F8 /* DetailsViewModel.swift */,
			);
			path = VIewModels;
			sourceTree = "<group>";
		};
		01541CFF26A870270070A5F8 /* API Managers */ = {
			isa = PBXGroup;
			children = (
				01541D0026A8704A0070A5F8 /* APIHandler.swift */,
				01541D0626A876310070A5F8 /* EndPoints.swift */,
			);
			path = "API Managers";
			sourceTree = "<group>";
		};
		01541D5126A9BDC20070A5F8 /* Supported Files */ = {
			isa = PBXGroup;
			children = (
				01541CE626A8695E0070A5F8 /* SceneDelegate.swift */,
				01541CE426A8695E0070A5F8 /* AppDelegate.swift */,
				01541CED26A869630070A5F8 /* Assets.xcassets */,
				01541D0226A871FD0070A5F8 /* Constants.swift */,
			);
			path = "Supported Files";
			sourceTree = "<group>";
		};
		01541D5226A9BFC90070A5F8 /* Custom */ = {
			isa = PBXGroup;
			children = (
				01541D0826A87D980070A5F8 /* CustomCollectionViewController.swift */,
			);
			path = Custom;
			sourceTree = "<group>";
		};
		01541D5426A9C0190070A5F8 /* Storyboard */ = {
			isa = PBXGroup;
			children = (
				01541CEA26A8695E0070A5F8 /* Main.storyboard */,
				01541CEF26A869630070A5F8 /* LaunchScreen.storyboard */,
			);
			path = Storyboard;
			sourceTree = "<group>";
		};
		01541D5526A9C80A0070A5F8 /* Controllers */ = {
			isa = PBXGroup;
			children = (
				01541CE826A8695E0070A5F8 /* MovieListViewController.swift */,
				01541D5826AA6CC00070A5F8 /* MovieDetailsViewController.swift */,
			);
			path = Controllers;
			sourceTree = "<group>";
		};
		6AFBC4E1C117F69034EE5B13 /* Pods */ = {
			isa = PBXGroup;
			children = (
				A9BAE04D99512A2CA01268A3 /* Pods-WalmartChallenge.debug.xcconfig */,
				69EA1B9B4F9B28B74ED890DD /* Pods-WalmartChallenge.release.xcconfig */,
			);
			name = Pods;
			path = Pods;
			sourceTree = "<group>";
		};
		EB1408E1CF5E865060B96AB1 /* Frameworks */ = {
			isa = PBXGroup;
			children = (
				8614B249E38BF90E59F99112 /* Pods_WalmartChallenge.framework */,
			);
			name = Frameworks;
			sourceTree = "<group>";
		};
/* End PBXGroup section */

/* Begin PBXNativeTarget section */
		01541CE026A8695E0070A5F8 /* WalmartChallenge */ = {
			isa = PBXNativeTarget;
			buildConfigurationList = 01541CF526A869630070A5F8 /* Build configuration list for PBXNativeTarget "WalmartChallenge" */;
			buildPhases = (
				A1D8EFBFE4859DE58D161698 /* [CP] Check Pods Manifest.lock */,
				01541CDD26A8695E0070A5F8 /* Sources */,
				01541CDE26A8695E0070A5F8 /* Frameworks */,
				01541CDF26A8695E0070A5F8 /* Resources */,
				D083D57AEC319A1FDBC89902 /* [CP] Embed Pods Frameworks */,
			);
			buildRules = (
			);
			dependencies = (
			);
			name = WalmartChallenge;
			productName = WalmartChallenge;
			productReference = 01541CE126A8695E0070A5F8 /* WalmartChallenge.app */;
			productType = "com.apple.product-type.application";
		};
/* End PBXNativeTarget section */

/* Begin PBXProject section */
		01541CD926A8695D0070A5F8 /* Project object */ = {
			isa = PBXProject;
			attributes = {
				LastSwiftUpdateCheck = 1250;
				LastUpgradeCheck = 1250;
				TargetAttributes = {
					01541CE026A8695E0070A5F8 = {
						CreatedOnToolsVersion = 12.5;
					};
				};
			};
			buildConfigurationList = 01541CDC26A8695E0070A5F8 /* Build configuration list for PBXProject "WalmartChallenge" */;
			compatibilityVersion = "Xcode 9.3";
			developmentRegion = en;
			hasScannedForEncodings = 0;
			knownRegions = (
				en,
				Base,
			);
			mainGroup = 01541CD826A8695D0070A5F8;
			productRefGroup = 01541CE226A8695E0070A5F8 /* Products */;
			projectDirPath = "";
			projectRoot = "";
			targets = (
				01541CE026A8695E0070A5F8 /* WalmartChallenge */,
			);
		};
/* End PBXProject section */

/* Begin PBXResourcesBuildPhase section */
		01541CDF26A8695E0070A5F8 /* Resources */ = {
			isa = PBXResourcesBuildPhase;
			buildActionMask = 2147483647;
			files = (
				01541CF126A869630070A5F8 /* LaunchScreen.storyboard in Resources */,
				01541CEE26A869630070A5F8 /* Assets.xcassets in Resources */,
				01541CEC26A8695E0070A5F8 /* Main.storyboard in Resources */,
			);
			runOnlyForDeploymentPostprocessing = 0;
		};
/* End PBXResourcesBuildPhase section */

/* Begin PBXShellScriptBuildPhase section */
		A1D8EFBFE4859DE58D161698 /* [CP] Check Pods Manifest.lock */ = {
			isa = PBXShellScriptBuildPhase;
			buildActionMask = 2147483647;
			files = (
			);
			inputFileListPaths = (
			);
			inputPaths = (
				"${PODS_PODFILE_DIR_PATH}/Podfile.lock",
				"${PODS_ROOT}/Manifest.lock",
			);
			name = "[CP] Check Pods Manifest.lock";
			outputFileListPaths = (
			);
			outputPaths = (
				"$(DERIVED_FILE_DIR)/Pods-WalmartChallenge-checkManifestLockResult.txt",
			);
			runOnlyForDeploymentPostprocessing = 0;
			shellPath = /bin/sh;
			shellScript = "diff \"${PODS_PODFILE_DIR_PATH}/Podfile.lock\" \"${PODS_ROOT}/Manifest.lock\" > /dev/null\nif [ $? != 0 ] ; then\n    # print error to STDERR\n    echo \"error: The sandbox is not in sync with the Podfile.lock. Run 'pod install' or update your CocoaPods installation.\" >&2\n    exit 1\nfi\n# This output is used by Xcode 'outputs' to avoid re-running this script phase.\necho \"SUCCESS\" > \"${SCRIPT_OUTPUT_FILE_0}\"\n";
			showEnvVarsInLog = 0;
		};
		D083D57AEC319A1FDBC89902 /* [CP] Embed Pods Frameworks */ = {
			isa = PBXShellScriptBuildPhase;
			buildActionMask = 2147483647;
			files = (
			);
			inputFileListPaths = (
				"${PODS_ROOT}/Target Support Files/Pods-WalmartChallenge/Pods-WalmartChallenge-frameworks-${CONFIGURATION}-input-files.xcfilelist",
			);
			name = "[CP] Embed Pods Frameworks";
			outputFileListPaths = (
				"${PODS_ROOT}/Target Support Files/Pods-WalmartChallenge/Pods-WalmartChallenge-frameworks-${CONFIGURATION}-output-files.xcfilelist",
			);
			runOnlyForDeploymentPostprocessing = 0;
			shellPath = /bin/sh;
			shellScript = "\"${PODS_ROOT}/Target Support Files/Pods-WalmartChallenge/Pods-WalmartChallenge-frameworks.sh\"\n";
			showEnvVarsInLog = 0;
		};
/* End PBXShellScriptBuildPhase section */

/* Begin PBXSourcesBuildPhase section */
		01541CDD26A8695E0070A5F8 /* Sources */ = {
			isa = PBXSourcesBuildPhase;
			buildActionMask = 2147483647;
			files = (
				01541CFB26A869CD0070A5F8 /* MoviesView.swift in Sources */,
				01541D0726A876310070A5F8 /* EndPoints.swift in Sources */,
				01541CE926A8695E0070A5F8 /* MovieListViewController.swift in Sources */,
				01541CE526A8695E0070A5F8 /* AppDelegate.swift in Sources */,
				01541D0526A873960070A5F8 /* Genres.swift in Sources */,
				01541D5926AA6CC00070A5F8 /* MovieDetailsViewController.swift in Sources */,
				01541D0126A8704A0070A5F8 /* APIHandler.swift in Sources */,
				01541D0326A871FD0070A5F8 /* Constants.swift in Sources */,
				01541D0926A87D980070A5F8 /* CustomCollectionViewController.swift in Sources */,
				01541CF926A869970070A5F8 /* Movies.swift in Sources */,
				01541CE726A8695E0070A5F8 /* SceneDelegate.swift in Sources */,
				01541D5B26AA71F50070A5F8 /* DetailsViewModel.swift in Sources */,
			);
			runOnlyForDeploymentPostprocessing = 0;
		};
/* End PBXSourcesBuildPhase section */

/* Begin PBXVariantGroup section */
		01541CEA26A8695E0070A5F8 /* Main.storyboard */ = {
			isa = PBXVariantGroup;
			children = (
				01541CEB26A8695E0070A5F8 /* Base */,
			);
			name = Main.storyboard;
			sourceTree = "<group>";
		};
		01541CEF26A869630070A5F8 /* LaunchScreen.storyboard */ = {
			isa = PBXVariantGroup;
			children = (
				01541CF026A869630070A5F8 /* Base */,
			);
			name = LaunchScreen.storyboard;
			sourceTree = "<group>";
		};
/* End PBXVariantGroup section */

/* Begin XCBuildConfiguration section */
		01541CF326A869630070A5F8 /* Debug */ = {
			isa = XCBuildConfiguration;
			buildSettings = {
				ALWAYS_SEARCH_USER_PATHS = NO;
				CLANG_ANALYZER_NONNULL = YES;
				CLANG_ANALYZER_NUMBER_OBJECT_CONVERSION = YES_AGGRESSIVE;
				CLANG_CXX_LANGUAGE_STANDARD = "gnu++14";
				CLANG_CXX_LIBRARY = "libc++";
				CLANG_ENABLE_MODULES = YES;
				CLANG_ENABLE_OBJC_ARC = YES;
				CLANG_ENABLE_OBJC_WEAK = YES;
				CLANG_WARN_BLOCK_CAPTURE_AUTORELEASING = YES;
				CLANG_WARN_BOOL_CONVERSION = YES;
				CLANG_WARN_COMMA = YES;
				CLANG_WARN_CONSTANT_CONVERSION = YES;
				CLANG_WARN_DEPRECATED_OBJC_IMPLEMENTATIONS = YES;
				CLANG_WARN_DIRECT_OBJC_ISA_USAGE = YES_ERROR;
				CLANG_WARN_DOCUMENTATION_COMMENTS = YES;
				CLANG_WARN_EMPTY_BODY = YES;
				CLANG_WARN_ENUM_CONVERSION = YES;
				CLANG_WARN_INFINITE_RECURSION = YES;
				CLANG_WARN_INT_CONVERSION = YES;
				CLANG_WARN_NON_LITERAL_NULL_CONVERSION = YES;
				CLANG_WARN_OBJC_IMPLICIT_RETAIN_SELF = YES;
				CLANG_WARN_OBJC_LITERAL_CONVERSION = YES;
				CLANG_WARN_OBJC_ROOT_CLASS = YES_ERROR;
				CLANG_WARN_QUOTED_INCLUDE_IN_FRAMEWORK_HEADER = YES;
				CLANG_WARN_RANGE_LOOP_ANALYSIS = YES;
				CLANG_WARN_STRICT_PROTOTYPES = YES;
				CLANG_WARN_SUSPICIOUS_MOVE = YES;
				CLANG_WARN_UNGUARDED_AVAILABILITY = YES_AGGRESSIVE;
				CLANG_WARN_UNREACHABLE_CODE = YES;
				CLANG_WARN__DUPLICATE_METHOD_MATCH = YES;
				COPY_PHASE_STRIP = NO;
				DEBUG_INFORMATION_FORMAT = dwarf;
				ENABLE_STRICT_OBJC_MSGSEND = YES;
				ENABLE_TESTABILITY = YES;
				GCC_C_LANGUAGE_STANDARD = gnu11;
				GCC_DYNAMIC_NO_PIC = NO;
				GCC_NO_COMMON_BLOCKS = YES;
				GCC_OPTIMIZATION_LEVEL = 0;
				GCC_PREPROCESSOR_DEFINITIONS = (
					"DEBUG=1",
					"$(inherited)",
				);
				GCC_WARN_64_TO_32_BIT_CONVERSION = YES;
				GCC_WARN_ABOUT_RETURN_TYPE = YES_ERROR;
				GCC_WARN_UNDECLARED_SELECTOR = YES;
				GCC_WARN_UNINITIALIZED_AUTOS = YES_AGGRESSIVE;
				GCC_WARN_UNUSED_FUNCTION = YES;
				GCC_WARN_UNUSED_VARIABLE = YES;
				IPHONEOS_DEPLOYMENT_TARGET = 14.5;
				MTL_ENABLE_DEBUG_INFO = INCLUDE_SOURCE;
				MTL_FAST_MATH = YES;
				ONLY_ACTIVE_ARCH = YES;
				SDKROOT = iphoneos;
				SWIFT_ACTIVE_COMPILATION_CONDITIONS = DEBUG;
				SWIFT_OPTIMIZATION_LEVEL = "-Onone";
			};
			name = Debug;
		};
		01541CF426A869630070A5F8 /* Release */ = {
			isa = XCBuildConfiguration;
			buildSettings = {
				ALWAYS_SEARCH_USER_PATHS = NO;
				CLANG_ANALYZER_NONNULL = YES;
				CLANG_ANALYZER_NUMBER_OBJECT_CONVERSION = YES_AGGRESSIVE;
				CLANG_CXX_LANGUAGE_STANDARD = "gnu++14";
				CLANG_CXX_LIBRARY = "libc++";
				CLANG_ENABLE_MODULES = YES;
				CLANG_ENABLE_OBJC_ARC = YES;
				CLANG_ENABLE_OBJC_WEAK = YES;
				CLANG_WARN_BLOCK_CAPTURE_AUTORELEASING = YES;
				CLANG_WARN_BOOL_CONVERSION = YES;
				CLANG_WARN_COMMA = YES;
				CLANG_WARN_CONSTANT_CONVERSION = YES;
				CLANG_WARN_DEPRECATED_OBJC_IMPLEMENTATIONS = YES;
				CLANG_WARN_DIRECT_OBJC_ISA_USAGE = YES_ERROR;
				CLANG_WARN_DOCUMENTATION_COMMENTS = YES;
				CLANG_WARN_EMPTY_BODY = YES;
				CLANG_WARN_ENUM_CONVERSION = YES;
				CLANG_WARN_INFINITE_RECURSION = YES;
				CLANG_WARN_INT_CONVERSION = YES;
				CLANG_WARN_NON_LITERAL_NULL_CONVERSION = YES;
				CLANG_WARN_OBJC_IMPLICIT_RETAIN_SELF = YES;
				CLANG_WARN_OBJC_LITERAL_CONVERSION = YES;
				CLANG_WARN_OBJC_ROOT_CLASS = YES_ERROR;
				CLANG_WARN_QUOTED_INCLUDE_IN_FRAMEWORK_HEADER = YES;
				CLANG_WARN_RANGE_LOOP_ANALYSIS = YES;
				CLANG_WARN_STRICT_PROTOTYPES = YES;
				CLANG_WARN_SUSPICIOUS_MOVE = YES;
				CLANG_WARN_UNGUARDED_AVAILABILITY = YES_AGGRESSIVE;
				CLANG_WARN_UNREACHABLE_CODE = YES;
				CLANG_WARN__DUPLICATE_METHOD_MATCH = YES;
				COPY_PHASE_STRIP = NO;
				DEBUG_INFORMATION_FORMAT = "dwarf-with-dsym";
				ENABLE_NS_ASSERTIONS = NO;
				ENABLE_STRICT_OBJC_MSGSEND = YES;
				GCC_C_LANGUAGE_STANDARD = gnu11;
				GCC_NO_COMMON_BLOCKS = YES;
				GCC_WARN_64_TO_32_BIT_CONVERSION = YES;
				GCC_WARN_ABOUT_RETURN_TYPE = YES_ERROR;
				GCC_WARN_UNDECLARED_SELECTOR = YES;
				GCC_WARN_UNINITIALIZED_AUTOS = YES_AGGRESSIVE;
				GCC_WARN_UNUSED_FUNCTION = YES;
				GCC_WARN_UNUSED_VARIABLE = YES;
				IPHONEOS_DEPLOYMENT_TARGET = 14.5;
				MTL_ENABLE_DEBUG_INFO = NO;
				MTL_FAST_MATH = YES;
				SDKROOT = iphoneos;
				SWIFT_COMPILATION_MODE = wholemodule;
				SWIFT_OPTIMIZATION_LEVEL = "-O";
				VALIDATE_PRODUCT = YES;
			};
			name = Release;
		};
		01541CF626A869630070A5F8 /* Debug */ = {
			isa = XCBuildConfiguration;
			baseConfigurationReference = A9BAE04D99512A2CA01268A3 /* Pods-WalmartChallenge.debug.xcconfig */;
			buildSettings = {
				ASSETCATALOG_COMPILER_APPICON_NAME = AppIcon;
				ASSETCATALOG_COMPILER_GLOBAL_ACCENT_COLOR_NAME = AccentColor;
				CODE_SIGN_STYLE = Automatic;
				INFOPLIST_FILE = WalmartChallenge/Info.plist;
				LD_RUNPATH_SEARCH_PATHS = (
					"$(inherited)",
					"@executable_path/Frameworks",
				);
				PRODUCT_BUNDLE_IDENTIFIER = com.iOSdev.batch29.WalmartChallenge;
				PRODUCT_NAME = "$(TARGET_NAME)";
				SWIFT_VERSION = 5.0;
				TARGETED_DEVICE_FAMILY = "1,2";
			};
			name = Debug;
		};
		01541CF726A869630070A5F8 /* Release */ = {
			isa = XCBuildConfiguration;
			baseConfigurationReference = 69EA1B9B4F9B28B74ED890DD /* Pods-WalmartChallenge.release.xcconfig */;
			buildSettings = {
				ASSETCATALOG_COMPILER_APPICON_NAME = AppIcon;
				ASSETCATALOG_COMPILER_GLOBAL_ACCENT_COLOR_NAME = AccentColor;
				CODE_SIGN_STYLE = Automatic;
				INFOPLIST_FILE = WalmartChallenge/Info.plist;
				LD_RUNPATH_SEARCH_PATHS = (
					"$(inherited)",
					"@executable_path/Frameworks",
				);
				PRODUCT_BUNDLE_IDENTIFIER = com.iOSdev.batch29.WalmartChallenge;
				PRODUCT_NAME = "$(TARGET_NAME)";
				SWIFT_VERSION = 5.0;
				TARGETED_DEVICE_FAMILY = "1,2";
			};
			name = Release;
		};
/* End XCBuildConfiguration section */

/* Begin XCConfigurationList section */
		01541CDC26A8695E0070A5F8 /* Build configuration list for PBXProject "WalmartChallenge" */ = {
			isa = XCConfigurationList;
			buildConfigurations = (
				01541CF326A869630070A5F8 /* Debug */,
				01541CF426A869630070A5F8 /* Release */,
			);
			defaultConfigurationIsVisible = 0;
			defaultConfigurationName = Release;
		};
		01541CF526A869630070A5F8 /* Build configuration list for PBXNativeTarget "WalmartChallenge" */ = {
			isa = XCConfigurationList;
			buildConfigurations = (
				01541CF626A869630070A5F8 /* Debug */,
				01541CF726A869630070A5F8 /* Release */,
			);
			defaultConfigurationIsVisible = 0;
			defaultConfigurationName = Release;
		};
/* End XCConfigurationList section */
	};
	rootObject = 01541CD926A8695D0070A5F8 /* Project object */;
}
